
Microsoft Visual Studio Solution File, Format Version 12.00
# Visual Studio Version 17
VisualStudioVersion = 17.5.002.0
MinimumVisualStudioVersion = 10.0.40219.1
Project("{9A19103F-16F7-4668-BE54-9A1E7A4F7556}") = "FormulaEngine", "FormulaEngine.csproj", "{86B1C2C5-44BA-43F3-81B5-7351AF208F1E}"
EndProject
Global
	GlobalSection(SolutionConfigurationPlatforms) = preSolution
		Debug|Any CPU = Debug|Any CPU
		Release|Any CPU = Release|Any CPU
	EndGlobalSection
	GlobalSection(ProjectConfigurationPlatforms) = postSolution
		{86B1C2C5-44BA-43F3-81B5-7351AF208F1E}.Debug|Any CPU.ActiveCfg = Debug|Any CPU
		{86B1C2C5-44BA-43F3-81B5-7351AF208F1E}.Debug|Any CPU.Build.0 = Debug|Any CPU
		{86B1C2C5-44BA-43F3-81B5-7351AF208F1E}.Release|Any CPU.ActiveCfg = Release|Any CPU
		{86B1C2C5-44BA-43F3-81B5-7351AF208F1E}.Release|Any CPU.Build.0 = Release|Any CPU
		{6E501B0E-B621-410F-AD6B-ECF2D8166A22}.Debug|Any CPU.ActiveCfg = Debug|Any CPU
		{6E501B0E-B621-410F-AD6B-ECF2D8166A22}.Debug|Any CPU.Build.0 = Debug|Any CPU
		{6E501B0E-B621-410F-AD6B-ECF2D8166A22}.Release|Any CPU.ActiveCfg = Release|Any CPU
		{6E501B0E-B621-410F-AD6B-ECF2D8166A22}.Release|Any CPU.Build.0 = Release|Any CPU
	EndGlobalSection
	GlobalSection(SolutionProperties) = preSolution
		HideSolutionNode = FALSE
	EndGlobalSection
	GlobalSection(ExtensibilityGlobals) = postSolution
		SolutionGuid = {88BB2C1A-4E7F-4B27-8574-79A5B1C38D0C}
	EndGlobalSection
EndGlobal
